
Microsoft Visual Studio Solution File, Format Version 12.00
# Visual Studio Version 16
VisualStudioVersion = 16.0.29215.179
MinimumVisualStudioVersion = 10.0.40219.1
Project("{FAE04EC0-301F-11D3-BF4B-00C04F79EFBC}") = "Conditional_Statements", "Conditional_Statements.csproj", "{8088CC6A-6BB0-4172-BC31-6E1B93C73244}"
EndProject
Global
	GlobalSection(SolutionConfigurationPlatforms) = preSolution
		Debug|Any CPU = Debug|Any CPU
		Release|Any CPU = Release|Any CPU
	EndGlobalSection
	GlobalSection(ProjectConfigurationPlatforms) = postSolution
		{8088CC6A-6BB0-4172-BC31-6E1B93C73244}.Debug|Any CPU.ActiveCfg = Debug|Any CPU
		{8088CC6A-6BB0-4172-BC31-6E1B93C73244}.Debug|Any CPU.Build.0 = Debug|Any CPU
		{8088CC6A-6BB0-4172-BC31-6E1B93C73244}.Release|Any CPU.ActiveCfg = Release|Any CPU
		{8088CC6A-6BB0-4172-BC31-6E1B93C73244}.Release|Any CPU.Build.0 = Release|Any CPU
	EndGlobalSection
	GlobalSection(SolutionProperties) = preSolution
		HideSolutionNode = FALSE
	EndGlobalSection
	GlobalSection(ExtensibilityGlobals) = postSolution
		SolutionGuid = {4AE890D4-AD95-40AD-87B7-D891F4ABC46E}
	EndGlobalSection
EndGlobal
